
Microsoft Visual Studio Solution File, Format Version 12.00
# Visual Studio Version 17
VisualStudioVersion = 17.14.36109.1 d17.14
MinimumVisualStudioVersion = 10.0.40219.1
Project("{FAE04EC0-301F-11D3-BF4B-00C04F79EFBC}") = "Ejercicio6", "Ejercicio6\Ejercicio6.csproj", "{B3145D99-AB97-4A60-B2CC-55077BC80C4A}"
EndProject
Global
	GlobalSection(SolutionConfigurationPlatforms) = preSolution
		Debug|Any CPU = Debug|Any CPU
		Release|Any CPU = Release|Any CPU
	EndGlobalSection
	GlobalSection(ProjectConfigurationPlatforms) = postSolution
		{B3145D99-AB97-4A60-B2CC-55077BC80C4A}.Debug|Any CPU.ActiveCfg = Debug|Any CPU
		{B3145D99-AB97-4A60-B2CC-55077BC80C4A}.Debug|Any CPU.Build.0 = Debug|Any CPU
		{B3145D99-AB97-4A60-B2CC-55077BC80C4A}.Release|Any CPU.ActiveCfg = Release|Any CPU
		{B3145D99-AB97-4A60-B2CC-55077BC80C4A}.Release|Any CPU.Build.0 = Release|Any CPU
	EndGlobalSection
	GlobalSection(SolutionProperties) = preSolution
		HideSolutionNode = FALSE
	EndGlobalSection
	GlobalSection(ExtensibilityGlobals) = postSolution
		SolutionGuid = {F01ED173-2DDD-460E-8990-525D56469A2B}
	EndGlobalSection
EndGlobal
